
Microsoft Visual Studio Solution File, Format Version 12.00
# Visual Studio Version 16
VisualStudioVersion = 16.0.30114.105
MinimumVisualStudioVersion = 10.0.40219.1
Project("{FAE04EC0-301F-11D3-BF4B-00C04F79EFBC}") = "AppBackEnd", "AppBackEnd\AppBackEnd.csproj", "{2994F551-B208-4F40-8340-B42B335A56F0}"
EndProject
Global
	GlobalSection(SolutionConfigurationPlatforms) = preSolution
		Debug|Any CPU = Debug|Any CPU
		Release|Any CPU = Release|Any CPU
	EndGlobalSection
	GlobalSection(SolutionProperties) = preSolution
		HideSolutionNode = FALSE
	EndGlobalSection
	GlobalSection(ProjectConfigurationPlatforms) = postSolution
		{2994F551-B208-4F40-8340-B42B335A56F0}.Debug|Any CPU.ActiveCfg = Debug|Any CPU
		{2994F551-B208-4F40-8340-B42B335A56F0}.Debug|Any CPU.Build.0 = Debug|Any CPU
		{2994F551-B208-4F40-8340-B42B335A56F0}.Release|Any CPU.ActiveCfg = Release|Any CPU
		{2994F551-B208-4F40-8340-B42B335A56F0}.Release|Any CPU.Build.0 = Release|Any CPU
	EndGlobalSection
EndGlobal
